
Microsoft Visual Studio Solution File, Format Version 12.00
# Visual Studio Version 16
VisualStudioVersion = 16.0.30225.117
MinimumVisualStudioVersion = 10.0.40219.1
Project("{FAE04EC0-301F-11D3-BF4B-00C04F79EFBC}") = "01复习", "01复习\01复习.csproj", "{B5E13CBE-AAE1-443D-B548-2F8277EFF64C}"
EndProject
Project("{FAE04EC0-301F-11D3-BF4B-00C04F79EFBC}") = "02访问修饰符", "02访问修饰符\02访问修饰符.csproj", "{FF24402D-17DB-4A70-BB6A-54187DB9B7B5}"
EndProject
Project("{FAE04EC0-301F-11D3-BF4B-00C04F79EFBC}") = "03Test", "03Test\03Test.csproj", "{F6C121FA-59A9-4D52-BA2F-B57C9938C4D3}"
EndProject
Project("{FAE04EC0-301F-11D3-BF4B-00C04F79EFBC}") = "03简单工厂设计模式", "03简单工厂设计模式\03简单工厂设计模式.csproj", "{95E489AF-DE00-4072-B9D3-FE605C784D7A}"
EndProject
Project("{FAE04EC0-301F-11D3-BF4B-00C04F79EFBC}") = "04值类型和引用类型", "04值类型和引用类型\04值类型和引用类型.csproj", "{F787884E-AC80-410B-8ED0-9A31A6BE4F27}"
EndProject
Project("{FAE04EC0-301F-11D3-BF4B-00C04F79EFBC}") = "05序列化和反序列化", "05序列化和反序列化\05序列化和反序列化.csproj", "{3C3AA5D8-3154-404B-998D-EA4096BEAED5}"
EndProject
Project("{FAE04EC0-301F-11D3-BF4B-00C04F79EFBC}") = "06部分类", "06部分类\06部分类.csproj", "{95A474EC-23A5-477C-8604-02EB61045BAA}"
EndProject
Project("{FAE04EC0-301F-11D3-BF4B-00C04F79EFBC}") = "07密封类", "07密封类\07密封类.csproj", "{E9CB30BD-EBBD-47F2-AD18-B96603B67EF2}"
EndProject
Project("{FAE04EC0-301F-11D3-BF4B-00C04F79EFBC}") = "08重写Tostring方法", "08重写Tostring方法\08重写Tostring方法.csproj", "{AB50C5CA-C344-4192-965D-B3AC44A7B1F6}"
EndProject
Project("{FAE04EC0-301F-11D3-BF4B-00C04F79EFBC}") = "09接口", "09接口\09接口.csproj", "{03F1C43B-4052-408E-A704-55CEB38B2E96}"
EndProject
Project("{FAE04EC0-301F-11D3-BF4B-00C04F79EFBC}") = "10接口的语法特征", "10接口的语法特征\10接口的语法特征.csproj", "{245E06C3-2D1B-45C4-8A4D-BCB734B71F70}"
EndProject
Project("{FAE04EC0-301F-11D3-BF4B-00C04F79EFBC}") = "11 自动属性和普通属性", "11 自动属性和普通属性\11 自动属性和普通属性.csproj", "{E8930149-10E6-482B-ABC2-B94C17CFFFCC}"
EndProject
Project("{FAE04EC0-301F-11D3-BF4B-00C04F79EFBC}") = "12接口特点", "12接口特点\12接口特点.csproj", "{F910BB12-3602-4289-B9D9-7552F0357847}"
EndProject
Project("{FAE04EC0-301F-11D3-BF4B-00C04F79EFBC}") = "13接口练习", "13接口练习\13接口练习.csproj", "{97AF199A-A5D5-432E-9430-CF3B4719DBFD}"
EndProject
Project("{FAE04EC0-301F-11D3-BF4B-00C04F79EFBC}") = "14显示实现接口", "14显示实现接口\14显示实现接口.csproj", "{93676B3F-431D-4F1B-9557-A0E146C8246C}"
EndProject
Project("{FAE04EC0-301F-11D3-BF4B-00C04F79EFBC}") = "15总结", "15总结\15总结.csproj", "{C9C5A6FC-93F7-4F9D-982E-91A49DC3D9CA}"
EndProject
Project("{FAE04EC0-301F-11D3-BF4B-00C04F79EFBC}") = "16超市收银系统", "16超市收银系统\16超市收银系统.csproj", "{95F686E3-11A6-41AB-A68E-C3C1A278520B}"
EndProject
Project("{FAE04EC0-301F-11D3-BF4B-00C04F79EFBC}") = "17GUID", "17GUID\17GUID.csproj", "{B07E9072-25CF-4A78-928D-60A9013C9744}"
EndProject
Project("{FAE04EC0-301F-11D3-BF4B-00C04F79EFBC}") = "练习", "练习\练习.csproj", "{F6218E82-6309-4E39-89BF-CBD2600E9E34}"
EndProject
Global
	GlobalSection(SolutionConfigurationPlatforms) = preSolution
		Debug|Any CPU = Debug|Any CPU
		Release|Any CPU = Release|Any CPU
	EndGlobalSection
	GlobalSection(ProjectConfigurationPlatforms) = postSolution
		{B5E13CBE-AAE1-443D-B548-2F8277EFF64C}.Debug|Any CPU.ActiveCfg = Debug|Any CPU
		{B5E13CBE-AAE1-443D-B548-2F8277EFF64C}.Debug|Any CPU.Build.0 = Debug|Any CPU
		{B5E13CBE-AAE1-443D-B548-2F8277EFF64C}.Release|Any CPU.ActiveCfg = Release|Any CPU
		{B5E13CBE-AAE1-443D-B548-2F8277EFF64C}.Release|Any CPU.Build.0 = Release|Any CPU
		{FF24402D-17DB-4A70-BB6A-54187DB9B7B5}.Debug|Any CPU.ActiveCfg = Debug|Any CPU
		{FF24402D-17DB-4A70-BB6A-54187DB9B7B5}.Debug|Any CPU.Build.0 = Debug|Any CPU
		{FF24402D-17DB-4A70-BB6A-54187DB9B7B5}.Release|Any CPU.ActiveCfg = Release|Any CPU
		{FF24402D-17DB-4A70-BB6A-54187DB9B7B5}.Release|Any CPU.Build.0 = Release|Any CPU
		{F6C121FA-59A9-4D52-BA2F-B57C9938C4D3}.Debug|Any CPU.ActiveCfg = Debug|Any CPU
		{F6C121FA-59A9-4D52-BA2F-B57C9938C4D3}.Debug|Any CPU.Build.0 = Debug|Any CPU
		{F6C121FA-59A9-4D52-BA2F-B57C9938C4D3}.Release|Any CPU.ActiveCfg = Release|Any CPU
		{F6C121FA-59A9-4D52-BA2F-B57C9938C4D3}.Release|Any CPU.Build.0 = Release|Any CPU
		{95E489AF-DE00-4072-B9D3-FE605C784D7A}.Debug|Any CPU.ActiveCfg = Debug|Any CPU
		{95E489AF-DE00-4072-B9D3-FE605C784D7A}.Debug|Any CPU.Build.0 = Debug|Any CPU
		{95E489AF-DE00-4072-B9D3-FE605C784D7A}.Release|Any CPU.ActiveCfg = Release|Any CPU
		{95E489AF-DE00-4072-B9D3-FE605C784D7A}.Release|Any CPU.Build.0 = Release|Any CPU
		{F787884E-AC80-410B-8ED0-9A31A6BE4F27}.Debug|Any CPU.ActiveCfg = Debug|Any CPU
		{F787884E-AC80-410B-8ED0-9A31A6BE4F27}.Debug|Any CPU.Build.0 = Debug|Any CPU
		{F787884E-AC80-410B-8ED0-9A31A6BE4F27}.Release|Any CPU.ActiveCfg = Release|Any CPU
		{F787884E-AC80-410B-8ED0-9A31A6BE4F27}.Release|Any CPU.Build.0 = Release|Any CPU
		{3C3AA5D8-3154-404B-998D-EA4096BEAED5}.Debug|Any CPU.ActiveCfg = Debug|Any CPU
		{3C3AA5D8-3154-404B-998D-EA4096BEAED5}.Debug|Any CPU.Build.0 = Debug|Any CPU
		{3C3AA5D8-3154-404B-998D-EA4096BEAED5}.Release|Any CPU.ActiveCfg = Release|Any CPU
		{3C3AA5D8-3154-404B-998D-EA4096BEAED5}.Release|Any CPU.Build.0 = Release|Any CPU
		{95A474EC-23A5-477C-8604-02EB61045BAA}.Debug|Any CPU.ActiveCfg = Debug|Any CPU
		{95A474EC-23A5-477C-8604-02EB61045BAA}.Debug|Any CPU.Build.0 = Debug|Any CPU
		{95A474EC-23A5-477C-8604-02EB61045BAA}.Release|Any CPU.ActiveCfg = Release|Any CPU
		{95A474EC-23A5-477C-8604-02EB61045BAA}.Release|Any CPU.Build.0 = Release|Any CPU
		{E9CB30BD-EBBD-47F2-AD18-B96603B67EF2}.Debug|Any CPU.ActiveCfg = Debug|Any CPU
		{E9CB30BD-EBBD-47F2-AD18-B96603B67EF2}.Debug|Any CPU.Build.0 = Debug|Any CPU
		{E9CB30BD-EBBD-47F2-AD18-B96603B67EF2}.Release|Any CPU.ActiveCfg = Release|Any CPU
		{E9CB30BD-EBBD-47F2-AD18-B96603B67EF2}.Release|Any CPU.Build.0 = Release|Any CPU
		{AB50C5CA-C344-4192-965D-B3AC44A7B1F6}.Debug|Any CPU.ActiveCfg = Debug|Any CPU
		{AB50C5CA-C344-4192-965D-B3AC44A7B1F6}.Debug|Any CPU.Build.0 = Debug|Any CPU
		{AB50C5CA-C344-4192-965D-B3AC44A7B1F6}.Release|Any CPU.ActiveCfg = Release|Any CPU
		{AB50C5CA-C344-4192-965D-B3AC44A7B1F6}.Release|Any CPU.Build.0 = Release|Any CPU
		{03F1C43B-4052-408E-A704-55CEB38B2E96}.Debug|Any CPU.ActiveCfg = Debug|Any CPU
		{03F1C43B-4052-408E-A704-55CEB38B2E96}.Debug|Any CPU.Build.0 = Debug|Any CPU
		{03F1C43B-4052-408E-A704-55CEB38B2E96}.Release|Any CPU.ActiveCfg = Release|Any CPU
		{03F1C43B-4052-408E-A704-55CEB38B2E96}.Release|Any CPU.Build.0 = Release|Any CPU
		{245E06C3-2D1B-45C4-8A4D-BCB734B71F70}.Debug|Any CPU.ActiveCfg = Debug|Any CPU
		{245E06C3-2D1B-45C4-8A4D-BCB734B71F70}.Debug|Any CPU.Build.0 = Debug|Any CPU
		{245E06C3-2D1B-45C4-8A4D-BCB734B71F70}.Release|Any CPU.ActiveCfg = Release|Any CPU
		{245E06C3-2D1B-45C4-8A4D-BCB734B71F70}.Release|Any CPU.Build.0 = Release|Any CPU
		{E8930149-10E6-482B-ABC2-B94C17CFFFCC}.Debug|Any CPU.ActiveCfg = Debug|Any CPU
		{E8930149-10E6-482B-ABC2-B94C17CFFFCC}.Debug|Any CPU.Build.0 = Debug|Any CPU
		{E8930149-10E6-482B-ABC2-B94C17CFFFCC}.Release|Any CPU.ActiveCfg = Release|Any CPU
		{E8930149-10E6-482B-ABC2-B94C17CFFFCC}.Release|Any CPU.Build.0 = Release|Any CPU
		{F910BB12-3602-4289-B9D9-7552F0357847}.Debug|Any CPU.ActiveCfg = Debug|Any CPU
		{F910BB12-3602-4289-B9D9-7552F0357847}.Debug|Any CPU.Build.0 = Debug|Any CPU
		{F910BB12-3602-4289-B9D9-7552F0357847}.Release|Any CPU.ActiveCfg = Release|Any CPU
		{F910BB12-3602-4289-B9D9-7552F0357847}.Release|Any CPU.Build.0 = Release|Any CPU
		{97AF199A-A5D5-432E-9430-CF3B4719DBFD}.Debug|Any CPU.ActiveCfg = Debug|Any CPU
		{97AF199A-A5D5-432E-9430-CF3B4719DBFD}.Debug|Any CPU.Build.0 = Debug|Any CPU
		{97AF199A-A5D5-432E-9430-CF3B4719DBFD}.Release|Any CPU.ActiveCfg = Release|Any CPU
		{97AF199A-A5D5-432E-9430-CF3B4719DBFD}.Release|Any CPU.Build.0 = Release|Any CPU
		{93676B3F-431D-4F1B-9557-A0E146C8246C}.Debug|Any CPU.ActiveCfg = Debug|Any CPU
		{93676B3F-431D-4F1B-9557-A0E146C8246C}.Debug|Any CPU.Build.0 = Debug|Any CPU
		{93676B3F-431D-4F1B-9557-A0E146C8246C}.Release|Any CPU.ActiveCfg = Release|Any CPU
		{93676B3F-431D-4F1B-9557-A0E146C8246C}.Release|Any CPU.Build.0 = Release|Any CPU
		{C9C5A6FC-93F7-4F9D-982E-91A49DC3D9CA}.Debug|Any CPU.ActiveCfg = Debug|Any CPU
		{C9C5A6FC-93F7-4F9D-982E-91A49DC3D9CA}.Debug|Any CPU.Build.0 = Debug|Any CPU
		{C9C5A6FC-93F7-4F9D-982E-91A49DC3D9CA}.Release|Any CPU.ActiveCfg = Release|Any CPU
		{C9C5A6FC-93F7-4F9D-982E-91A49DC3D9CA}.Release|Any CPU.Build.0 = Release|Any CPU
		{95F686E3-11A6-41AB-A68E-C3C1A278520B}.Debug|Any CPU.ActiveCfg = Debug|Any CPU
		{95F686E3-11A6-41AB-A68E-C3C1A278520B}.Debug|Any CPU.Build.0 = Debug|Any CPU
		{95F686E3-11A6-41AB-A68E-C3C1A278520B}.Release|Any CPU.ActiveCfg = Release|Any CPU
		{95F686E3-11A6-41AB-A68E-C3C1A278520B}.Release|Any CPU.Build.0 = Release|Any CPU
		{B07E9072-25CF-4A78-928D-60A9013C9744}.Debug|Any CPU.ActiveCfg = Debug|Any CPU
		{B07E9072-25CF-4A78-928D-60A9013C9744}.Debug|Any CPU.Build.0 = Debug|Any CPU
		{B07E9072-25CF-4A78-928D-60A9013C9744}.Release|Any CPU.ActiveCfg = Release|Any CPU
		{B07E9072-25CF-4A78-928D-60A9013C9744}.Release|Any CPU.Build.0 = Release|Any CPU
		{F6218E82-6309-4E39-89BF-CBD2600E9E34}.Debug|Any CPU.ActiveCfg = Debug|Any CPU
		{F6218E82-6309-4E39-89BF-CBD2600E9E34}.Debug|Any CPU.Build.0 = Debug|Any CPU
		{F6218E82-6309-4E39-89BF-CBD2600E9E34}.Release|Any CPU.ActiveCfg = Release|Any CPU
		{F6218E82-6309-4E39-89BF-CBD2600E9E34}.Release|Any CPU.Build.0 = Release|Any CPU
	EndGlobalSection
	GlobalSection(SolutionProperties) = preSolution
		HideSolutionNode = FALSE
	EndGlobalSection
	GlobalSection(ExtensibilityGlobals) = postSolution
		SolutionGuid = {3384934E-578D-444F-8236-F0F05D3FC583}
	EndGlobalSection
EndGlobal
